
Microsoft Visual Studio Solution File, Format Version 12.00
# Visual Studio Version 16
VisualStudioVersion = 16.0.29613.14
MinimumVisualStudioVersion = 10.0.40219.1
Project("{FAE04EC0-301F-11D3-BF4B-00C04F79EFBC}") = "QuickBuy.Dominio", "QuickBuy.Dominio\QuickBuy.Dominio.csproj", "{4A32D451-7BC9-4FF2-8197-1C732B6A75C3}"
EndProject
Project("{FAE04EC0-301F-11D3-BF4B-00C04F79EFBC}") = "QuickBuy.Repositorio", "QuickBuy.Repositorio\QuickBuy.Repositorio.csproj", "{282B9F4D-F6A2-499B-B4F0-68936495524B}"
EndProject
Project("{FAE04EC0-301F-11D3-BF4B-00C04F79EFBC}") = "QuickBuy.Web", "QuickBuy.Web\QuickBuy.Web.csproj", "{9BBE45FC-369C-4804-998F-70F10CD90291}"
EndProject
Global
	GlobalSection(SolutionConfigurationPlatforms) = preSolution
		Debug|Any CPU = Debug|Any CPU
		Release|Any CPU = Release|Any CPU
	EndGlobalSection
	GlobalSection(ProjectConfigurationPlatforms) = postSolution
		{4A32D451-7BC9-4FF2-8197-1C732B6A75C3}.Debug|Any CPU.ActiveCfg = Debug|Any CPU
		{4A32D451-7BC9-4FF2-8197-1C732B6A75C3}.Debug|Any CPU.Build.0 = Debug|Any CPU
		{4A32D451-7BC9-4FF2-8197-1C732B6A75C3}.Release|Any CPU.ActiveCfg = Release|Any CPU
		{4A32D451-7BC9-4FF2-8197-1C732B6A75C3}.Release|Any CPU.Build.0 = Release|Any CPU
		{282B9F4D-F6A2-499B-B4F0-68936495524B}.Debug|Any CPU.ActiveCfg = Debug|Any CPU
		{282B9F4D-F6A2-499B-B4F0-68936495524B}.Debug|Any CPU.Build.0 = Debug|Any CPU
		{282B9F4D-F6A2-499B-B4F0-68936495524B}.Release|Any CPU.ActiveCfg = Release|Any CPU
		{282B9F4D-F6A2-499B-B4F0-68936495524B}.Release|Any CPU.Build.0 = Release|Any CPU
		{9BBE45FC-369C-4804-998F-70F10CD90291}.Debug|Any CPU.ActiveCfg = Debug|Any CPU
		{9BBE45FC-369C-4804-998F-70F10CD90291}.Debug|Any CPU.Build.0 = Debug|Any CPU
		{9BBE45FC-369C-4804-998F-70F10CD90291}.Release|Any CPU.ActiveCfg = Release|Any CPU
		{9BBE45FC-369C-4804-998F-70F10CD90291}.Release|Any CPU.Build.0 = Release|Any CPU
	EndGlobalSection
	GlobalSection(SolutionProperties) = preSolution
		HideSolutionNode = FALSE
	EndGlobalSection
	GlobalSection(ExtensibilityGlobals) = postSolution
		SolutionGuid = {D555480A-FF11-4045-91D7-131035F8D3A8}
	EndGlobalSection
EndGlobal
